
Microsoft Visual Studio Solution File, Format Version 12.00
# Visual Studio Version 17
VisualStudioVersion = 17.9.34728.123
MinimumVisualStudioVersion = 10.0.40219.1
Project("{9A19103F-16F7-4668-BE54-9A1E7A4F7556}") = "hqm-replay-handler", "hqm-replay-handler\hqm-replay-handler.csproj", "{A8308925-FE38-4E8B-82E6-AABC372FA563}"
EndProject
Project("{FAE04EC0-301F-11D3-BF4B-00C04F79EFBC}") = "Example", "Example\Example.csproj", "{53EA6E86-15C1-4009-B208-92DC032DB8B5}"
EndProject
Global
	GlobalSection(SolutionConfigurationPlatforms) = preSolution
		Debug|Any CPU = Debug|Any CPU
		Release|Any CPU = Release|Any CPU
	EndGlobalSection
	GlobalSection(ProjectConfigurationPlatforms) = postSolution
		{A8308925-FE38-4E8B-82E6-AABC372FA563}.Debug|Any CPU.ActiveCfg = Debug|Any CPU
		{A8308925-FE38-4E8B-82E6-AABC372FA563}.Debug|Any CPU.Build.0 = Debug|Any CPU
		{A8308925-FE38-4E8B-82E6-AABC372FA563}.Release|Any CPU.ActiveCfg = Release|Any CPU
		{A8308925-FE38-4E8B-82E6-AABC372FA563}.Release|Any CPU.Build.0 = Release|Any CPU
		{53EA6E86-15C1-4009-B208-92DC032DB8B5}.Debug|Any CPU.ActiveCfg = Debug|Any CPU
		{53EA6E86-15C1-4009-B208-92DC032DB8B5}.Debug|Any CPU.Build.0 = Debug|Any CPU
		{53EA6E86-15C1-4009-B208-92DC032DB8B5}.Release|Any CPU.ActiveCfg = Release|Any CPU
		{53EA6E86-15C1-4009-B208-92DC032DB8B5}.Release|Any CPU.Build.0 = Release|Any CPU
	EndGlobalSection
	GlobalSection(SolutionProperties) = preSolution
		HideSolutionNode = FALSE
	EndGlobalSection
	GlobalSection(ExtensibilityGlobals) = postSolution
		SolutionGuid = {6536D76B-8932-4CEE-8753-1DD5CA6F7499}
	EndGlobalSection
EndGlobal
